{
  "version": 4,
  "terraform_version": "1.4.4",
  "serial": 30,
  "lineage": "bf8777e5-8f1b-c3e3-d49f-42cb0dd68b3b",
  "outputs": {},
  "resources": [
    {
      "mode": "managed",
      "type": "aws_instance",
      "name": "team2_final_assignment",
      "provider": "provider[\"registry.terraform.io/hashicorp/aws\"]",
      "instances": [
        {
          "status": "tainted",
          "schema_version": 1,
          "attributes": {
            "ami": "ami-007855ac798b5175e",
            "arn": "arn:aws:ec2:us-east-1:292346113978:instance/i-053295f94f03e891c",
            "associate_public_ip_address": true,
            "availability_zone": "us-east-1c",
            "capacity_reservation_specification": [
              {
                "capacity_reservation_preference": "open",
                "capacity_reservation_target": []
              }
            ],
            "cpu_core_count": 1,
            "cpu_threads_per_core": 2,
            "credit_specification": [
              {
                "cpu_credits": "unlimited"
              }
            ],
            "disable_api_stop": false,
            "disable_api_termination": false,
            "ebs_block_device": [],
            "ebs_optimized": false,
            "enclave_options": [
              {
                "enabled": false
              }
            ],
            "ephemeral_block_device": [],
            "get_password_data": false,
            "hibernation": false,
            "host_id": "",
            "host_resource_group_arn": null,
            "iam_instance_profile": "",
            "id": "i-053295f94f03e891c",
            "instance_initiated_shutdown_behavior": "stop",
            "instance_state": "running",
            "instance_type": "t3.micro",
            "ipv6_address_count": 0,
            "ipv6_addresses": [],
            "key_name": "team2_key_pair",
            "launch_template": [],
            "maintenance_options": [
              {
                "auto_recovery": "default"
              }
            ],
            "metadata_options": [
              {
                "http_endpoint": "enabled",
                "http_put_response_hop_limit": 1,
                "http_tokens": "optional",
                "instance_metadata_tags": "disabled"
              }
            ],
            "monitoring": false,
            "network_interface": [],
            "outpost_arn": "",
            "password_data": "",
            "placement_group": "",
            "placement_partition_number": 0,
            "primary_network_interface_id": "eni-082827d7743725f47",
            "private_dns": "ip-172-31-21-148.ec2.internal",
            "private_dns_name_options": [
              {
                "enable_resource_name_dns_a_record": false,
                "enable_resource_name_dns_aaaa_record": false,
                "hostname_type": "ip-name"
              }
            ],
            "private_ip": "172.31.21.148",
            "public_dns": "ec2-50-17-9-117.compute-1.amazonaws.com",
            "public_ip": "50.17.9.117",
            "root_block_device": [
              {
                "delete_on_termination": true,
                "device_name": "/dev/sda1",
                "encrypted": false,
                "iops": 100,
                "kms_key_id": "",
                "tags": {},
                "throughput": 0,
                "volume_id": "vol-014056796409350c1",
                "volume_size": 8,
                "volume_type": "gp2"
              }
            ],
            "secondary_private_ips": [],
            "security_groups": [
              "team2_security_group"
            ],
            "source_dest_check": true,
            "subnet_id": "subnet-0d72122bedd35d2f3",
            "tags": {
              "Name": "team2_instance"
            },
            "tags_all": {
              "Name": "team2_instance"
            },
            "tenancy": "default",
            "timeouts": null,
            "user_data": null,
            "user_data_base64": null,
            "user_data_replace_on_change": false,
            "volume_tags": null,
            "vpc_security_group_ids": [
              "sg-0670ced53de2c2942"
            ]
          },
          "sensitive_attributes": [],
          "private": "eyJlMmJmYjczMC1lY2FhLTExZTYtOGY4OC0zNDM2M2JjN2M0YzAiOnsiY3JlYXRlIjo2MDAwMDAwMDAwMDAsImRlbGV0ZSI6MTIwMDAwMDAwMDAwMCwidXBkYXRlIjo2MDAwMDAwMDAwMDB9LCJzY2hlbWFfdmVyc2lvbiI6IjEifQ==",
          "dependencies": [
            "aws_key_pair.team2_final_assignment_key_pair",
            "aws_security_group.team2_final_assignment_security_group"
          ]
        }
      ]
    },
    {
      "mode": "managed",
      "type": "aws_key_pair",
      "name": "team2_final_assignment_key_pair",
      "provider": "provider[\"registry.terraform.io/hashicorp/aws\"]",
      "instances": [
        {
          "schema_version": 1,
          "attributes": {
            "arn": "arn:aws:ec2:us-east-1:292346113978:key-pair/team2_key_pair",
            "fingerprint": "b4:c0:d2:ed:94:f6:26:14:20:1c:30:a7:2a:cc:ca:d1",
            "id": "team2_key_pair",
            "key_name": "team2_key_pair",
            "key_name_prefix": "",
            "key_pair_id": "key-024f153c75c3dccc2",
            "key_type": "rsa",
            "public_key": "ssh-rsa AAAAB3NzaC1yc2EAAAADAQABAAACAQCpF6qMMZFBMHArDcgA+nteFcU5iyzb/XbYh+IHaU19MLCcYeZehPwN5Exzb6u6nGncvMZe6pv4RXaf9DTlHzFepxO2ZJdf6WjA3IhtVFzUUkdxfOtY9QGJKmY9GucgygFmwMy0qLMNzWgBZBXVXKvmxs7GGUIgAGDuQOx1zzyTKX/hmwHpaPsLTBLsjIUfzYuxX8V9t24fh02vqTd46/6iU2BNUee/In1HhX92z8BoZ66XWUFBz4+i/h+23SjCHIc7s8Z1v6LdoGAwPdtYDO471i9I3HEw9M3Zujb4WyJg0aCIWQphEbQlH9nIi9qmPgfiqeoNiWPXhx7OdqeMWpbNduxgpD7MiT5KScMNJP+PvvugdMwK9Yjv3nPLrKj+w5Ckjs4zdk6BFW5IGFzuNg63XNzs0xgP/VelcUMTQToAZY2a4GITQ26s8W6843iaQ9uFwY3u9dcj72QWeKZD/2rTpcRMCAkaMgTiNPfTd1b/A2Z0pKmTvOBf6QSzPH92fhVgVJe+vrGZIVc5HtTyMQHEgCPL0AmuWGVx/b7R7sodKDiTFgO54T+Wr9yNLuarDP3QBph/dDQaQ0iczBdRalUyxgeUwnweBZ1q8xUub7dW5p0Mgu93gUFCD8VwGxaZt7kYurRJn6c3vKrF/KRVjHwlxhXetvmZWjpJ5pS+vfl/ZQ== diana.pavulane@gmail.com",
            "tags": {},
            "tags_all": {}
          },
          "sensitive_attributes": [],
          "private": "eyJzY2hlbWFfdmVyc2lvbiI6IjEifQ=="
        }
      ]
    },
    {
      "mode": "managed",
      "type": "aws_security_group",
      "name": "team2_final_assignment_security_group",
      "provider": "provider[\"registry.terraform.io/hashicorp/aws\"]",
      "instances": [
        {
          "schema_version": 1,
          "attributes": {
            "arn": "arn:aws:ec2:us-east-1:292346113978:security-group/sg-0670ced53de2c2942",
            "description": "Managed by Terraform",
            "egress": [],
            "id": "sg-0670ced53de2c2942",
            "ingress": [
              {
                "cidr_blocks": [
                  "0.0.0.0/0"
                ],
                "description": "",
                "from_port": 22,
                "ipv6_cidr_blocks": [],
                "prefix_list_ids": [],
                "protocol": "tcp",
                "security_groups": [],
                "self": false,
                "to_port": 22
              },
              {
                "cidr_blocks": [
                  "0.0.0.0/0"
                ],
                "description": "",
                "from_port": 8000,
                "ipv6_cidr_blocks": [],
                "prefix_list_ids": [],
                "protocol": "tcp",
                "security_groups": [],
                "self": false,
                "to_port": 8000
              }
            ],
            "name": "team2_security_group",
            "name_prefix": "",
            "owner_id": "292346113978",
            "revoke_rules_on_delete": false,
            "tags": {},
            "tags_all": {},
            "timeouts": null,
            "vpc_id": "vpc-0e83ad39231149373"
          },
          "sensitive_attributes": [],
          "private": "eyJlMmJmYjczMC1lY2FhLTExZTYtOGY4OC0zNDM2M2JjN2M0YzAiOnsiY3JlYXRlIjo2MDAwMDAwMDAwMDAsImRlbGV0ZSI6OTAwMDAwMDAwMDAwfSwic2NoZW1hX3ZlcnNpb24iOiIxIn0="
        }
      ]
    }
  ],
  "check_results": null
}
